
Microsoft Visual Studio Solution File, Format Version 12.00
# Visual Studio Version 16
VisualStudioVersion = 16.0.32510.428
MinimumVisualStudioVersion = 10.0.40219.1
Project("{FAE04EC0-301F-11D3-BF4B-00C04F79EFBC}") = "P22524052022", "P22524052022\P22524052022.csproj", "{78ADE17D-1C55-4CA5-98D1-0020D0D37CCF}"
EndProject
Global
	GlobalSection(SolutionConfigurationPlatforms) = preSolution
		Debug|Any CPU = Debug|Any CPU
		Release|Any CPU = Release|Any CPU
	EndGlobalSection
	GlobalSection(ProjectConfigurationPlatforms) = postSolution
		{78ADE17D-1C55-4CA5-98D1-0020D0D37CCF}.Debug|Any CPU.ActiveCfg = Debug|Any CPU
		{78ADE17D-1C55-4CA5-98D1-0020D0D37CCF}.Debug|Any CPU.Build.0 = Debug|Any CPU
		{78ADE17D-1C55-4CA5-98D1-0020D0D37CCF}.Release|Any CPU.ActiveCfg = Release|Any CPU
		{78ADE17D-1C55-4CA5-98D1-0020D0D37CCF}.Release|Any CPU.Build.0 = Release|Any CPU
	EndGlobalSection
	GlobalSection(SolutionProperties) = preSolution
		HideSolutionNode = FALSE
	EndGlobalSection
	GlobalSection(ExtensibilityGlobals) = postSolution
		SolutionGuid = {DBE5B9C1-073D-4192-9E92-63FB0AD1F73C}
	EndGlobalSection
EndGlobal
